
Microsoft Visual Studio Solution File, Format Version 12.00
# Visual Studio Version 17
VisualStudioVersion = 17.13.35931.197 d17.13
MinimumVisualStudioVersion = 10.0.40219.1
Project("{FAE04EC0-301F-11D3-BF4B-00C04F79EFBC}") = "CacheTest", "CacheTest\CacheTest.csproj", "{4A0BD4E9-3744-4C36-9B18-56D4879050DD}"
EndProject
Global
	GlobalSection(SolutionConfigurationPlatforms) = preSolution
		Debug|Any CPU = Debug|Any CPU
		Release|Any CPU = Release|Any CPU
	EndGlobalSection
	GlobalSection(ProjectConfigurationPlatforms) = postSolution
		{4A0BD4E9-3744-4C36-9B18-56D4879050DD}.Debug|Any CPU.ActiveCfg = Debug|Any CPU
		{4A0BD4E9-3744-4C36-9B18-56D4879050DD}.Debug|Any CPU.Build.0 = Debug|Any CPU
		{4A0BD4E9-3744-4C36-9B18-56D4879050DD}.Release|Any CPU.ActiveCfg = Release|Any CPU
		{4A0BD4E9-3744-4C36-9B18-56D4879050DD}.Release|Any CPU.Build.0 = Release|Any CPU
	EndGlobalSection
	GlobalSection(SolutionProperties) = preSolution
		HideSolutionNode = FALSE
	EndGlobalSection
	GlobalSection(ExtensibilityGlobals) = postSolution
		SolutionGuid = {660A842B-3E0A-46EA-BEE7-77A696DF836B}
	EndGlobalSection
EndGlobal
